{
  "name": "new-project",
  "version": "1.0.0",
  "lockfileVersion": 1,
  "requires": true,
  "dependencies": {
    "bootstrap-4-grid": {
      "version": "3.1.0",
      "resolved": "https://registry.npmjs.org/bootstrap-4-grid/-/bootstrap-4-grid-3.1.0.tgz",
      "integrity": "sha512-zI4YmvaBcSbyn4aagfw6awbaNbpeTSohh0txPRNtxzn/WcctBeZudHueGvg20YNNLFHy/19WxdptsztZ0Y7TyQ=="
    },
    "commander": {
      "version": "2.20.0",
      "resolved": "https://registry.npmjs.org/commander/-/commander-2.20.0.tgz",
      "integrity": "sha512-7j2y+40w61zy6YC2iRNpUe/NwhNyoXrYpHMrSunaMG64nRnaf96zO/KMQR4OyN/UnE5KLyEBnKHd4aG3rskjpQ=="
    },
    "lorem-ipsum": {
      "version": "2.0.3",
      "resolved": "https://registry.npmjs.org/lorem-ipsum/-/lorem-ipsum-2.0.3.tgz",
      "integrity": "sha512-CX2r84DMWjW/DWiuzicTI9aRaJPAw2cvAGMJYZh/nx12OkTGqloj8y8FU0S8ZkKwOdqhfxEA6Ly8CW2P6Yxjwg==",
      "requires": {
        "commander": "^2.17.1"
      }
    }
  }
}
